
Microsoft Visual Studio Solution File, Format Version 12.00
# Visual Studio Version 16
VisualStudioVersion = 16.0.32630.194
MinimumVisualStudioVersion = 10.0.40219.1
Project("{FAE04EC0-301F-11D3-BF4B-00C04F79EFBC}") = "Method_Class", "Method_Class\Method_Class.csproj", "{38418B37-D4E6-448E-9E33-02A8361C26C3}"
EndProject
Global
	GlobalSection(SolutionConfigurationPlatforms) = preSolution
		Debug|Any CPU = Debug|Any CPU
		Release|Any CPU = Release|Any CPU
	EndGlobalSection
	GlobalSection(ProjectConfigurationPlatforms) = postSolution
		{38418B37-D4E6-448E-9E33-02A8361C26C3}.Debug|Any CPU.ActiveCfg = Debug|Any CPU
		{38418B37-D4E6-448E-9E33-02A8361C26C3}.Debug|Any CPU.Build.0 = Debug|Any CPU
		{38418B37-D4E6-448E-9E33-02A8361C26C3}.Release|Any CPU.ActiveCfg = Release|Any CPU
		{38418B37-D4E6-448E-9E33-02A8361C26C3}.Release|Any CPU.Build.0 = Release|Any CPU
	EndGlobalSection
	GlobalSection(SolutionProperties) = preSolution
		HideSolutionNode = FALSE
	EndGlobalSection
	GlobalSection(ExtensibilityGlobals) = postSolution
		SolutionGuid = {0434AF80-C0E7-4E7F-8A17-C8506FA605B3}
	EndGlobalSection
EndGlobal
