
Microsoft Visual Studio Solution File, Format Version 12.00
# Visual Studio Version 16
VisualStudioVersion = 16.0.32630.194
MinimumVisualStudioVersion = 10.0.40219.1
Project("{FAE04EC0-301F-11D3-BF4B-00C04F79EFBC}") = "AbstractClass", "AbstractClass\AbstractClass.csproj", "{95831DC7-0FD2-44FD-A81F-F16B78568CEE}"
EndProject
Global
	GlobalSection(SolutionConfigurationPlatforms) = preSolution
		Debug|Any CPU = Debug|Any CPU
		Release|Any CPU = Release|Any CPU
	EndGlobalSection
	GlobalSection(ProjectConfigurationPlatforms) = postSolution
		{95831DC7-0FD2-44FD-A81F-F16B78568CEE}.Debug|Any CPU.ActiveCfg = Debug|Any CPU
		{95831DC7-0FD2-44FD-A81F-F16B78568CEE}.Debug|Any CPU.Build.0 = Debug|Any CPU
		{95831DC7-0FD2-44FD-A81F-F16B78568CEE}.Release|Any CPU.ActiveCfg = Release|Any CPU
		{95831DC7-0FD2-44FD-A81F-F16B78568CEE}.Release|Any CPU.Build.0 = Release|Any CPU
	EndGlobalSection
	GlobalSection(SolutionProperties) = preSolution
		HideSolutionNode = FALSE
	EndGlobalSection
	GlobalSection(ExtensibilityGlobals) = postSolution
		SolutionGuid = {0A8046ED-E098-4AF3-93E8-3D8ADE064FCC}
	EndGlobalSection
EndGlobal
